
Microsoft Visual Studio Solution File, Format Version 12.00
# Visual Studio Version 17
VisualStudioVersion = 17.13.35913.81
MinimumVisualStudioVersion = 10.0.40219.1
Project("{FAE04EC0-301F-11D3-BF4B-00C04F79EFBC}") = "AutoSlashConverter.Presentation", "AutoSlashConverter.Presentation\AutoSlashConverter.Presentation.csproj", "{364E00A2-5DC9-8B6E-D7CC-D329D2578C00}"
EndProject
Project("{FAE04EC0-301F-11D3-BF4B-00C04F79EFBC}") = "AutoSlashConverter.Framework", "AutoSlashConverter.Framework\AutoSlashConverter.Framework.csproj", "{29D7DDB2-C1B0-4B1A-B68B-E175303FA7AE}"
EndProject
Global
	GlobalSection(SolutionConfigurationPlatforms) = preSolution
		Debug|Any CPU = Debug|Any CPU
		Debug|x64 = Debug|x64
		Debug|x86 = Debug|x86
		Release|Any CPU = Release|Any CPU
		Release|x64 = Release|x64
		Release|x86 = Release|x86
	EndGlobalSection
	GlobalSection(ProjectConfigurationPlatforms) = postSolution
		{364E00A2-5DC9-8B6E-D7CC-D329D2578C00}.Debug|Any CPU.ActiveCfg = Debug|Any CPU
		{364E00A2-5DC9-8B6E-D7CC-D329D2578C00}.Debug|Any CPU.Build.0 = Debug|Any CPU
		{364E00A2-5DC9-8B6E-D7CC-D329D2578C00}.Debug|x64.ActiveCfg = Debug|x64
		{364E00A2-5DC9-8B6E-D7CC-D329D2578C00}.Debug|x64.Build.0 = Debug|x64
		{364E00A2-5DC9-8B6E-D7CC-D329D2578C00}.Debug|x86.ActiveCfg = Debug|x86
		{364E00A2-5DC9-8B6E-D7CC-D329D2578C00}.Debug|x86.Build.0 = Debug|x86
		{364E00A2-5DC9-8B6E-D7CC-D329D2578C00}.Release|Any CPU.ActiveCfg = Release|Any CPU
		{364E00A2-5DC9-8B6E-D7CC-D329D2578C00}.Release|Any CPU.Build.0 = Release|Any CPU
		{364E00A2-5DC9-8B6E-D7CC-D329D2578C00}.Release|x64.ActiveCfg = Release|x64
		{364E00A2-5DC9-8B6E-D7CC-D329D2578C00}.Release|x64.Build.0 = Release|x64
		{364E00A2-5DC9-8B6E-D7CC-D329D2578C00}.Release|x86.ActiveCfg = Release|x86
		{364E00A2-5DC9-8B6E-D7CC-D329D2578C00}.Release|x86.Build.0 = Release|x86
		{29D7DDB2-C1B0-4B1A-B68B-E175303FA7AE}.Debug|Any CPU.ActiveCfg = Debug|Any CPU
		{29D7DDB2-C1B0-4B1A-B68B-E175303FA7AE}.Debug|Any CPU.Build.0 = Debug|Any CPU
		{29D7DDB2-C1B0-4B1A-B68B-E175303FA7AE}.Debug|x64.ActiveCfg = Debug|Any CPU
		{29D7DDB2-C1B0-4B1A-B68B-E175303FA7AE}.Debug|x64.Build.0 = Debug|Any CPU
		{29D7DDB2-C1B0-4B1A-B68B-E175303FA7AE}.Debug|x86.ActiveCfg = Debug|Any CPU
		{29D7DDB2-C1B0-4B1A-B68B-E175303FA7AE}.Debug|x86.Build.0 = Debug|Any CPU
		{29D7DDB2-C1B0-4B1A-B68B-E175303FA7AE}.Release|Any CPU.ActiveCfg = Release|Any CPU
		{29D7DDB2-C1B0-4B1A-B68B-E175303FA7AE}.Release|Any CPU.Build.0 = Release|Any CPU
		{29D7DDB2-C1B0-4B1A-B68B-E175303FA7AE}.Release|x64.ActiveCfg = Release|Any CPU
		{29D7DDB2-C1B0-4B1A-B68B-E175303FA7AE}.Release|x64.Build.0 = Release|Any CPU
		{29D7DDB2-C1B0-4B1A-B68B-E175303FA7AE}.Release|x86.ActiveCfg = Release|Any CPU
		{29D7DDB2-C1B0-4B1A-B68B-E175303FA7AE}.Release|x86.Build.0 = Release|Any CPU
	EndGlobalSection
	GlobalSection(SolutionProperties) = preSolution
		HideSolutionNode = FALSE
	EndGlobalSection
	GlobalSection(ExtensibilityGlobals) = postSolution
		SolutionGuid = {8F64A9D3-582E-4C6E-AD2B-8AEEAFC0266C}
	EndGlobalSection
EndGlobal
